dependencies:
- name: postgresql
  repository: https://charts.bitnami.com/bitnami
  version: 16.7.27
- name: redis
  repository: https://charts.bitnami.com/bitnami
  version: 20.13.4
digest: sha256:c568ad75ab38c6233eaf2555a35d9d23ee778ff7169a119e01f404b1df54cadf
generated: "2026-02-26T10:20:33.424175-05:00"
